
Microsoft Visual Studio Solution File, Format Version 12.00
# Visual Studio 15
VisualStudioVersion = 15.0.28307.489
MinimumVisualStudioVersion = 10.0.40219.1
Project("{FAE04EC0-301F-11D3-BF4B-00C04F79EFBC}") = "Uconomy", "Uconomy.csproj", "{602882B6-F16C-4247-9F5D-21846BC4C09A}"
EndProject
Global
	GlobalSection(SolutionConfigurationPlatforms) = preSolution
		Debug|Any CPU = Debug|Any CPU
		Lokal|Any CPU = Lokal|Any CPU
		Release|Any CPU = Release|Any CPU
	EndGlobalSection
	GlobalSection(ProjectConfigurationPlatforms) = postSolution
		{602882B6-F16C-4247-9F5D-21846BC4C09A}.Debug|Any CPU.ActiveCfg = Debug|Any CPU
		{602882B6-F16C-4247-9F5D-21846BC4C09A}.Debug|Any CPU.Build.0 = Debug|Any CPU
		{602882B6-F16C-4247-9F5D-21846BC4C09A}.Lokal|Any CPU.ActiveCfg = Release|Any CPU
		{602882B6-F16C-4247-9F5D-21846BC4C09A}.Lokal|Any CPU.Build.0 = Release|Any CPU
		{602882B6-F16C-4247-9F5D-21846BC4C09A}.Release|Any CPU.ActiveCfg = Release|Any CPU
		{602882B6-F16C-4247-9F5D-21846BC4C09A}.Release|Any CPU.Build.0 = Release|Any CPU
	EndGlobalSection
	GlobalSection(SolutionProperties) = preSolution
		HideSolutionNode = FALSE
	EndGlobalSection
	GlobalSection(ExtensibilityGlobals) = postSolution
		SolutionGuid = {0A6C4DE3-9691-4850-9D30-3864B543C67C}
	EndGlobalSection
EndGlobal
